
Microsoft Visual Studio Solution File, Format Version 12.00
# Visual Studio 2015
Project("{FAE04EC0-301F-11D3-BF4B-00C04F79EFBC}") = "Escaper.Plugins", "Escaper.Plugins.csproj", "{DEF2ABC8-4543-C679-4055-4303CA95C491}"
EndProject
Project("{FAE04EC0-301F-11D3-BF4B-00C04F79EFBC}") = "Escaper", "Escaper.csproj", "{E300DC61-54A2-CEF1-FCC3-8CAC4B93F452}"
EndProject
Project("{FAE04EC0-301F-11D3-BF4B-00C04F79EFBC}") = "Escaper.Editor.Plugins", "Escaper.Editor.Plugins.csproj", "{644241B8-21BD-B57E-B766-5ABAC15EB70D}"
EndProject
Project("{FAE04EC0-301F-11D3-BF4B-00C04F79EFBC}") = "Escaper.Editor", "Escaper.Editor.csproj", "{EB30B7BC-BA04-C600-8545-065E962789E5}"
EndProject
Global
	GlobalSection(SolutionConfigurationPlatforms) = preSolution
		Debug|Any CPU = Debug|Any CPU
		Release|Any CPU = Release|Any CPU
	EndGlobalSection
	GlobalSection(ProjectConfigurationPlatforms) = postSolution
		{DEF2ABC8-4543-C679-4055-4303CA95C491}.Debug|Any CPU.ActiveCfg = Debug|Any CPU
		{DEF2ABC8-4543-C679-4055-4303CA95C491}.Debug|Any CPU.Build.0 = Debug|Any CPU
		{DEF2ABC8-4543-C679-4055-4303CA95C491}.Release|Any CPU.ActiveCfg = Release|Any CPU
		{DEF2ABC8-4543-C679-4055-4303CA95C491}.Release|Any CPU.Build.0 = Release|Any CPU
		{E300DC61-54A2-CEF1-FCC3-8CAC4B93F452}.Debug|Any CPU.ActiveCfg = Debug|Any CPU
		{E300DC61-54A2-CEF1-FCC3-8CAC4B93F452}.Debug|Any CPU.Build.0 = Debug|Any CPU
		{E300DC61-54A2-CEF1-FCC3-8CAC4B93F452}.Release|Any CPU.ActiveCfg = Release|Any CPU
		{E300DC61-54A2-CEF1-FCC3-8CAC4B93F452}.Release|Any CPU.Build.0 = Release|Any CPU
		{644241B8-21BD-B57E-B766-5ABAC15EB70D}.Debug|Any CPU.ActiveCfg = Debug|Any CPU
		{644241B8-21BD-B57E-B766-5ABAC15EB70D}.Debug|Any CPU.Build.0 = Debug|Any CPU
		{644241B8-21BD-B57E-B766-5ABAC15EB70D}.Release|Any CPU.ActiveCfg = Release|Any CPU
		{644241B8-21BD-B57E-B766-5ABAC15EB70D}.Release|Any CPU.Build.0 = Release|Any CPU
		{EB30B7BC-BA04-C600-8545-065E962789E5}.Debug|Any CPU.ActiveCfg = Debug|Any CPU
		{EB30B7BC-BA04-C600-8545-065E962789E5}.Debug|Any CPU.Build.0 = Debug|Any CPU
		{EB30B7BC-BA04-C600-8545-065E962789E5}.Release|Any CPU.ActiveCfg = Release|Any CPU
		{EB30B7BC-BA04-C600-8545-065E962789E5}.Release|Any CPU.Build.0 = Release|Any CPU
	EndGlobalSection
	GlobalSection(SolutionProperties) = preSolution
		HideSolutionNode = FALSE
	EndGlobalSection
EndGlobal
